
Microsoft Visual Studio Solution File, Format Version 12.00
# Visual Studio 2013
Project("{FAE04EC0-301F-11D3-BF4B-00C04F79EFBC}") = "UnityVS.Roll_A_Ball.CSharp", "UnityVS.Roll_A_Ball.CSharp.csproj", "{F14695A5-EA66-5851-C274-91A3EBB79EB8}"
EndProject
Global
	GlobalSection(SolutionConfigurationPlatforms) = preSolution
		Debug|Any CPU = Debug|Any CPU
		Release|Any CPU = Release|Any CPU
	EndGlobalSection
	GlobalSection(ProjectConfigurationPlatforms) = postSolution
		{F14695A5-EA66-5851-C274-91A3EBB79EB8}.Debug|Any CPU.ActiveCfg = Debug|Any CPU
		{F14695A5-EA66-5851-C274-91A3EBB79EB8}.Debug|Any CPU.Build.0 = Debug|Any CPU
		{F14695A5-EA66-5851-C274-91A3EBB79EB8}.Release|Any CPU.ActiveCfg = Release|Any CPU
		{F14695A5-EA66-5851-C274-91A3EBB79EB8}.Release|Any CPU.Build.0 = Release|Any CPU
	EndGlobalSection
	GlobalSection(SolutionProperties) = preSolution
		HideSolutionNode = FALSE
	EndGlobalSection
EndGlobal
